{
  "name": "works-agent-install",
  "version": "0.1.13",
  "lockfileVersion": 3,
  "requires": true,
  "packages": {
    "": {
      "name": "works-agent-install",
      "version": "0.1.13",
      "license": "MIT",
      "bin": {
        "works-install": "scripts/install.mjs"
      },
      "engines": {
        "node": ">=20"
      }
    }
  }
}
